<?xml version="1.0" encoding="utf-8"?>
<Project ToolsVersion="4.0" xmlns="http://schemas.microsoft.com/developer/msbuild/2003">
  <ItemGroup>
    <Filter Include="Core">
      <UniqueIdentifier>{93995380-89BD-4b04-88EB-625FBE52EBFB}</UniqueIdentifier>
      <Extensions>h;hh;hpp;hxx;hm;inl;inc;ipp;xsd</Extensions>
    </Filter>
    <Filter Include="Framework">
      <UniqueIdentifier>{4FC737F1-C7A5-4376-A066-2A32D752A2FF}</UniqueIdentifier>
      <Extensions>cpp;c;cc;cxx;def;odl;idl;hpj;bat;asm;asmx</Extensions>
    </Filter>
    <Filter Include="Main">
      <UniqueIdentifier>{d824b335-cb77-4743-b092-330dbd2a3180}</UniqueIdentifier>
    </Filter>
    <Filter Include="Framework\Oblivion">
      <UniqueIdentifier>{069685f5-86cc-4240-81cf-83822043d2a4}</UniqueIdentifier>
    </Filter>
    <Filter Include="Framework\Common">
      <UniqueIdentifier>{135259df-2a9e-4ef7-9f9c-91d5c23c81d8}</UniqueIdentifier>
    </Filter>
    <Filter Include="Framework\Common\Lib">
      <UniqueIdentifier>{b7c99412-bfdd-4954-9abc-ce9d30463377}</UniqueIdentifier>
    </Filter>
    <Filter Include="Framework\Common\Lib\Detours">
      <UniqueIdentifier>{79014e6e-8607-4262-b126-a6ecb7025746}</UniqueIdentifier>
    </Filter>
    <Filter Include="Framework\Common\Base">
      <UniqueIdentifier>{a7e2dfbf-6f70-4169-9770-30913f9e9554}</UniqueIdentifier>
    </Filter>
  </ItemGroup>
  <ItemGroup>
    <ClInclude Include="..\TESReloaded\Core\Animation.h">
      <Filter>Core</Filter>
    </ClInclude>
    <ClInclude Include="..\TESReloaded\Core\CameraManager.h">
      <Filter>Core</Filter>
    </ClInclude>
    <ClInclude Include="..\TESReloaded\Core\CommandManager.h">
      <Filter>Core</Filter>
    </ClInclude>
    <ClInclude Include="..\TESReloaded\Core\D3D9Device.h">
      <Filter>Core</Filter>
    </ClInclude>
    <ClInclude Include="..\TESReloaded\Core\D3D9Hook.h">
      <Filter>Core</Filter>
    </ClInclude>
    <ClInclude Include="..\TESReloaded\Core\Dodge.h">
      <Filter>Core</Filter>
    </ClInclude>
    <ClInclude Include="..\TESReloaded\Core\EquipmentManager.h">
      <Filter>Core</Filter>
    </ClInclude>
    <ClInclude Include="..\TESReloaded\Core\FlyCam.h">
      <Filter>Core</Filter>
    </ClInclude>
    <ClInclude Include="..\TESReloaded\Core\FormHook.h">
      <Filter>Core</Filter>
    </ClInclude>
    <ClInclude Include="..\TESReloaded\Core\GameEventManager.h">
      <Filter>Core</Filter>
    </ClInclude>
    <ClInclude Include="..\TESReloaded\Core\GameMenuManager.h">
      <Filter>Core</Filter>
    </ClInclude>
    <ClInclude Include="..\TESReloaded\Core\GrassMode.h">
      <Filter>Core</Filter>
    </ClInclude>
    <ClInclude Include="..\TESReloaded\Core\KeyboardManager.h">
      <Filter>Core</Filter>
    </ClInclude>
    <ClInclude Include="..\TESReloaded\Core\Managers.h">
      <Filter>Core</Filter>
    </ClInclude>
    <ClInclude Include="..\TESReloaded\Core\MemoryManagement.h">
      <Filter>Core</Filter>
    </ClInclude>
    <ClInclude Include="..\TESReloaded\Core\MountedCombat.h">
      <Filter>Core</Filter>
    </ClInclude>
    <ClInclude Include="..\TESReloaded\Core\PluginVersion.h">
      <Filter>Core</Filter>
    </ClInclude>
    <ClInclude Include="..\TESReloaded\Core\RenderHook.h">
      <Filter>Core</Filter>
    </ClInclude>
    <ClInclude Include="..\TESReloaded\Core\RenderManager.h">
      <Filter>Core</Filter>
    </ClInclude>
    <ClInclude Include="..\TESReloaded\Core\ScriptManager.h">
      <Filter>Core</Filter>
    </ClInclude>
    <ClInclude Include="..\TESReloaded\Core\SettingManager.h">
      <Filter>Core</Filter>
    </ClInclude>
    <ClInclude Include="..\TESReloaded\Core\ShaderIOHook.h">
      <Filter>Core</Filter>
    </ClInclude>
    <ClInclude Include="..\TESReloaded\Core\ShaderManager.h">
      <Filter>Core</Filter>
    </ClInclude>
    <ClInclude Include="..\TESReloaded\Core\ShadowManager.h">
      <Filter>Core</Filter>
    </ClInclude>
    <ClInclude Include="..\TESReloaded\Core\SleepingMode.h">
      <Filter>Core</Filter>
    </ClInclude>
    <ClInclude Include="..\TESReloaded\Core\TextureManager.h">
      <Filter>Core</Filter>
    </ClInclude>
    <ClInclude Include="..\TESReloaded\Core\WindowedMode.h">
      <Filter>Core</Filter>
    </ClInclude>
    <ClInclude Include="resource.h">
      <Filter>Main</Filter>
    </ClInclude>
    <ClInclude Include="..\TESReloaded\Core\OcclusionManager.h">
      <Filter>Core</Filter>
    </ClInclude>
    <ClInclude Include="..\TESReloaded\Core\FrameRateManager.h">
      <Filter>Core</Filter>
    </ClInclude>
    <ClInclude Include="..\TESReloaded\Framework\Oblivion\Game.h">
      <Filter>Framework\Oblivion</Filter>
    </ClInclude>
    <ClInclude Include="..\TESReloaded\Framework\Oblivion\GameHavok.h">
      <Filter>Framework\Oblivion</Filter>
    </ClInclude>
    <ClInclude Include="..\TESReloaded\Framework\Oblivion\GameNi.h">
      <Filter>Framework\Oblivion</Filter>
    </ClInclude>
    <ClInclude Include="..\TESReloaded\Framework\Oblivion\Framework.h">
      <Filter>Framework\Oblivion</Filter>
    </ClInclude>
    <ClInclude Include="..\TESReloaded\Framework\Common\Lib\Detours\detours.h">
      <Filter>Framework\Common\Lib\Detours</Filter>
    </ClInclude>
    <ClInclude Include="..\TESReloaded\Framework\Oblivion\Base.h">
      <Filter>Framework\Oblivion</Filter>
    </ClInclude>
    <ClInclude Include="..\TESReloaded\Framework\Oblivion\Defines.h">
      <Filter>Framework\Oblivion</Filter>
    </ClInclude>
    <ClInclude Include="..\TESReloaded\Framework\Common\Base\Logger.h">
      <Filter>Framework\Common\Base</Filter>
    </ClInclude>
    <ClInclude Include="..\TESReloaded\Framework\Common\Base\Plugin.h">
      <Filter>Framework\Common\Base</Filter>
    </ClInclude>
    <ClInclude Include="..\TESReloaded\Framework\Common\Base\SafeWrite.h">
      <Filter>Framework\Common\Base</Filter>
    </ClInclude>
    <ClInclude Include="..\TESReloaded\Framework\Common\Base\Types.h">
      <Filter>Framework\Common\Base</Filter>
    </ClInclude>
  </ItemGroup>
  <ItemGroup>
    <ClCompile Include="..\TESReloaded\Core\Animation.cpp">
      <Filter>Core</Filter>
    </ClCompile>
    <ClCompile Include="..\TESReloaded\Core\CameraManager.cpp">
      <Filter>Core</Filter>
    </ClCompile>
    <ClCompile Include="..\TESReloaded\Core\CommandManager.cpp">
      <Filter>Core</Filter>
    </ClCompile>
    <ClCompile Include="..\TESReloaded\Core\D3D9Device.cpp">
      <Filter>Core</Filter>
    </ClCompile>
    <ClCompile Include="..\TESReloaded\Core\D3D9Hook.cpp">
      <Filter>Core</Filter>
    </ClCompile>
    <ClCompile Include="..\TESReloaded\Core\Dodge.cpp">
      <Filter>Core</Filter>
    </ClCompile>
    <ClCompile Include="..\TESReloaded\Core\EquipmentManager.cpp">
      <Filter>Core</Filter>
    </ClCompile>
    <ClCompile Include="..\TESReloaded\Core\FlyCam.cpp">
      <Filter>Core</Filter>
    </ClCompile>
    <ClCompile Include="..\TESReloaded\Core\FormHook.cpp">
      <Filter>Core</Filter>
    </ClCompile>
    <ClCompile Include="..\TESReloaded\Core\GameEventManager.cpp">
      <Filter>Core</Filter>
    </ClCompile>
    <ClCompile Include="..\TESReloaded\Core\GameMenuManager.cpp">
      <Filter>Core</Filter>
    </ClCompile>
    <ClCompile Include="..\TESReloaded\Core\GrassMode.cpp">
      <Filter>Core</Filter>
    </ClCompile>
    <ClCompile Include="..\TESReloaded\Core\KeyboardManager.cpp">
      <Filter>Core</Filter>
    </ClCompile>
    <ClCompile Include="..\TESReloaded\Core\Managers.cpp">
      <Filter>Core</Filter>
    </ClCompile>
    <ClCompile Include="..\TESReloaded\Core\MemoryManagement.cpp">
      <Filter>Core</Filter>
    </ClCompile>
    <ClCompile Include="..\TESReloaded\Core\MountedCombat.cpp">
      <Filter>Core</Filter>
    </ClCompile>
    <ClCompile Include="..\TESReloaded\Core\PluginVersion.cpp">
      <Filter>Core</Filter>
    </ClCompile>
    <ClCompile Include="..\TESReloaded\Core\RenderHook.cpp">
      <Filter>Core</Filter>
    </ClCompile>
    <ClCompile Include="..\TESReloaded\Core\RenderManager.cpp">
      <Filter>Core</Filter>
    </ClCompile>
    <ClCompile Include="..\TESReloaded\Core\ScriptManager.cpp">
      <Filter>Core</Filter>
    </ClCompile>
    <ClCompile Include="..\TESReloaded\Core\SettingManager.cpp">
      <Filter>Core</Filter>
    </ClCompile>
    <ClCompile Include="..\TESReloaded\Core\ShaderIOHook.cpp">
      <Filter>Core</Filter>
    </ClCompile>
    <ClCompile Include="..\TESReloaded\Core\ShaderManager.cpp">
      <Filter>Core</Filter>
    </ClCompile>
    <ClCompile Include="..\TESReloaded\Core\ShadowManager.cpp">
      <Filter>Core</Filter>
    </ClCompile>
    <ClCompile Include="..\TESReloaded\Core\SleepingMode.cpp">
      <Filter>Core</Filter>
    </ClCompile>
    <ClCompile Include="..\TESReloaded\Core\TextureManager.cpp">
      <Filter>Core</Filter>
    </ClCompile>
    <ClCompile Include="..\TESReloaded\Core\WindowedMode.cpp">
      <Filter>Core</Filter>
    </ClCompile>
    <ClCompile Include="..\TESReloaded\Framework\Game.cpp">
      <Filter>Framework</Filter>
    </ClCompile>
    <ClCompile Include="Main.cpp">
      <Filter>Main</Filter>
    </ClCompile>
    <ClCompile Include="..\TESReloaded\Core\OcclusionManager.cpp">
      <Filter>Core</Filter>
    </ClCompile>
    <ClCompile Include="..\TESReloaded\Core\FrameRateManager.cpp">
      <Filter>Core</Filter>
    </ClCompile>
    <ClCompile Include="..\TESReloaded\Framework\Common\Lib\Detours\detours.cpp">
      <Filter>Framework\Common\Lib\Detours</Filter>
    </ClCompile>
    <ClCompile Include="..\TESReloaded\Framework\Common\Lib\Detours\disasm.cpp">
      <Filter>Framework\Common\Lib\Detours</Filter>
    </ClCompile>
    <ClCompile Include="..\TESReloaded\Framework\Common\Lib\Detours\modules.cpp">
      <Filter>Framework\Common\Lib\Detours</Filter>
    </ClCompile>
    <ClCompile Include="..\TESReloaded\Framework\Common\Base\Logger.cpp">
      <Filter>Framework\Common\Base</Filter>
    </ClCompile>
    <ClCompile Include="..\TESReloaded\Framework\Common\Base\SafeWrite.cpp">
      <Filter>Framework\Common\Base</Filter>
    </ClCompile>
  </ItemGroup>
  <ItemGroup>
    <None Include="Exports.def">
      <Filter>Main</Filter>
    </None>
  </ItemGroup>
  <ItemGroup>
    <ResourceCompile Include="OblivionReloaded.rc">
      <Filter>Main</Filter>
    </ResourceCompile>
  </ItemGroup>
</Project>