<?xml version="1.0" encoding="utf-8"?>
<Project ToolsVersion="4.0" xmlns="http://schemas.microsoft.com/developer/msbuild/2003">
  <ItemGroup>
    <Filter Include="Core">
      <UniqueIdentifier>{93995380-89BD-4b04-88EB-625FBE52EBFB}</UniqueIdentifier>
      <Extensions>h;hh;hpp;hxx;hm;inl;inc;ipp;xsd</Extensions>
    </Filter>
    <Filter Include="Framework">
      <UniqueIdentifier>{4FC737F1-C7A5-4376-A066-2A32D752A2FF}</UniqueIdentifier>
      <Extensions>cpp;c;cc;cxx;def;odl;idl;hpj;bat;asm;asmx</Extensions>
    </Filter>
    <Filter Include="Main">
      <UniqueIdentifier>{d824b335-cb77-4743-b092-330dbd2a3180}</UniqueIdentifier>
    </Filter>
    <Filter Include="Framework\Oblivion">
      <UniqueIdentifier>{069685f5-86cc-4240-81cf-83822043d2a4}</UniqueIdentifier>
    </Filter>
    <Filter Include="Framework\Common">
      <UniqueIdentifier>{135259df-2a9e-4ef7-9f9c-91d5c23c81d8}</UniqueIdentifier>
    </Filter>
    <Filter Include="Framework\Common\Lib">
      <UniqueIdentifier>{b7c99412-bfdd-4954-9abc-ce9d30463377}</UniqueIdentifier>
    </Filter>
    <Filter Include="Framework\Common\Lib\Detours">
      <UniqueIdentifier>{79014e6e-8607-4262-b126-a6ecb7025746}</UniqueIdentifier>
    </Filter>
    <Filter Include="Framework\Common\Base">
      <UniqueIdentifier>{a7e2dfbf-6f70-4169-9770-30913f9e9554}</UniqueIdentifier>
    </Filter>
    <Filter Include="Core\Hooks">
      <UniqueIdentifier>{a6515936-5dae-4b77-ab06-300bcbd940a7}</UniqueIdentifier>
    </Filter>
    <Filter Include="Core\Hooks\Oblivion">
      <UniqueIdentifier>{9448ea77-c579-44fe-a667-297e2132562e}</UniqueIdentifier>
    </Filter>
    <Filter Include="Core\Device">
      <UniqueIdentifier>{22e573de-0c2f-4f02-ae27-75f9b3283a9a}</UniqueIdentifier>
    </Filter>
    <Filter Include="Framework\Common\Lib\Nvidia">
      <UniqueIdentifier>{6014aac5-643c-4efa-bae3-fe9c795a5ba7}</UniqueIdentifier>
    </Filter>
  </ItemGroup>
  <ItemGroup>
    <ClInclude Include="..\TESReloaded\Core\CameraManager.h">
      <Filter>Core</Filter>
    </ClInclude>
    <ClInclude Include="..\TESReloaded\Core\CommandManager.h">
      <Filter>Core</Filter>
    </ClInclude>
    <ClInclude Include="..\TESReloaded\Core\EquipmentManager.h">
      <Filter>Core</Filter>
    </ClInclude>
    <ClInclude Include="..\TESReloaded\Core\GameEventManager.h">
      <Filter>Core</Filter>
    </ClInclude>
    <ClInclude Include="..\TESReloaded\Core\GameMenuManager.h">
      <Filter>Core</Filter>
    </ClInclude>
    <ClInclude Include="..\TESReloaded\Core\RenderManager.h">
      <Filter>Core</Filter>
    </ClInclude>
    <ClInclude Include="..\TESReloaded\Core\ScriptManager.h">
      <Filter>Core</Filter>
    </ClInclude>
    <ClInclude Include="..\TESReloaded\Core\SettingManager.h">
      <Filter>Core</Filter>
    </ClInclude>
    <ClInclude Include="..\TESReloaded\Core\ShaderManager.h">
      <Filter>Core</Filter>
    </ClInclude>
    <ClInclude Include="..\TESReloaded\Core\ShadowManager.h">
      <Filter>Core</Filter>
    </ClInclude>
    <ClInclude Include="..\TESReloaded\Core\TextureManager.h">
      <Filter>Core</Filter>
    </ClInclude>
    <ClInclude Include="resource.h">
      <Filter>Main</Filter>
    </ClInclude>
    <ClInclude Include="..\TESReloaded\Core\OcclusionManager.h">
      <Filter>Core</Filter>
    </ClInclude>
    <ClInclude Include="..\TESReloaded\Core\FrameRateManager.h">
      <Filter>Core</Filter>
    </ClInclude>
    <ClInclude Include="..\TESReloaded\Framework\Oblivion\Game.h">
      <Filter>Framework\Oblivion</Filter>
    </ClInclude>
    <ClInclude Include="..\TESReloaded\Framework\Oblivion\GameHavok.h">
      <Filter>Framework\Oblivion</Filter>
    </ClInclude>
    <ClInclude Include="..\TESReloaded\Framework\Oblivion\GameNi.h">
      <Filter>Framework\Oblivion</Filter>
    </ClInclude>
    <ClInclude Include="..\TESReloaded\Framework\Oblivion\Framework.h">
      <Filter>Framework\Oblivion</Filter>
    </ClInclude>
    <ClInclude Include="..\TESReloaded\Framework\Common\Lib\Detours\detours.h">
      <Filter>Framework\Common\Lib\Detours</Filter>
    </ClInclude>
    <ClInclude Include="..\TESReloaded\Framework\Oblivion\Base.h">
      <Filter>Framework\Oblivion</Filter>
    </ClInclude>
    <ClInclude Include="..\TESReloaded\Framework\Oblivion\Defines.h">
      <Filter>Framework\Oblivion</Filter>
    </ClInclude>
    <ClInclude Include="..\TESReloaded\Framework\Common\Base\Logger.h">
      <Filter>Framework\Common\Base</Filter>
    </ClInclude>
    <ClInclude Include="..\TESReloaded\Framework\Common\Base\SafeWrite.h">
      <Filter>Framework\Common\Base</Filter>
    </ClInclude>
    <ClInclude Include="..\TESReloaded\Framework\Common\Base\Types.h">
      <Filter>Framework\Common\Base</Filter>
    </ClInclude>
    <ClInclude Include="..\TESReloaded\Core\Hooks\Oblivion\Settings.h">
      <Filter>Core\Hooks\Oblivion</Filter>
    </ClInclude>
    <ClInclude Include="..\TESReloaded\Core\Hooks\Settings.h">
      <Filter>Core\Hooks</Filter>
    </ClInclude>
    <ClInclude Include="..\TESReloaded\Core\Hooks\Oblivion\Hooks.h">
      <Filter>Core\Hooks\Oblivion</Filter>
    </ClInclude>
    <ClInclude Include="..\TESReloaded\Core\Hooks\Game.h">
      <Filter>Core\Hooks</Filter>
    </ClInclude>
    <ClInclude Include="..\TESReloaded\Core\Hooks\Oblivion\Game.h">
      <Filter>Core\Hooks\Oblivion</Filter>
    </ClInclude>
    <ClInclude Include="..\TESReloaded\Framework\Oblivion\Plugin.h">
      <Filter>Framework\Oblivion</Filter>
    </ClInclude>
    <ClInclude Include="..\TESReloaded\Core\Hooks\Oblivion\ShaderIO.h">
      <Filter>Core\Hooks\Oblivion</Filter>
    </ClInclude>
    <ClInclude Include="..\TESReloaded\Core\Hooks\Oblivion\Render.h">
      <Filter>Core\Hooks\Oblivion</Filter>
    </ClInclude>
    <ClInclude Include="..\TESReloaded\Framework\Common\Base\PluginVersion.h">
      <Filter>Framework\Common\Base</Filter>
    </ClInclude>
    <ClInclude Include="..\TESReloaded\Core\Hooks\Forms.h">
      <Filter>Core\Hooks</Filter>
    </ClInclude>
    <ClInclude Include="..\TESReloaded\Core\Hooks\Oblivion\Forms.h">
      <Filter>Core\Hooks\Oblivion</Filter>
    </ClInclude>
    <ClInclude Include="..\TESReloaded\Core\Hooks\Oblivion\Events.h">
      <Filter>Core\Hooks\Oblivion</Filter>
    </ClInclude>
    <ClInclude Include="..\TESReloaded\Core\Hooks\Script.h">
      <Filter>Core\Hooks</Filter>
    </ClInclude>
    <ClInclude Include="..\TESReloaded\Core\Hooks\Oblivion\Animation.h">
      <Filter>Core\Hooks\Oblivion</Filter>
    </ClInclude>
    <ClInclude Include="..\TESReloaded\Core\Hooks\Oblivion\Shadows.h">
      <Filter>Core\Hooks\Oblivion</Filter>
    </ClInclude>
    <ClInclude Include="..\TESReloaded\Core\Hooks\Oblivion\FrameRate.h">
      <Filter>Core\Hooks\Oblivion</Filter>
    </ClInclude>
    <ClInclude Include="..\TESReloaded\Core\Hooks\Oblivion\Texture.h">
      <Filter>Core\Hooks\Oblivion</Filter>
    </ClInclude>
    <ClInclude Include="..\TESReloaded\Core\Hooks\Oblivion\Occlusion.h">
      <Filter>Core\Hooks\Oblivion</Filter>
    </ClInclude>
    <ClInclude Include="..\TESReloaded\Core\Hooks\Oblivion\Memory.h">
      <Filter>Core\Hooks\Oblivion</Filter>
    </ClInclude>
    <ClInclude Include="..\TESReloaded\Core\Hooks\Oblivion\Grass.h">
      <Filter>Core\Hooks\Oblivion</Filter>
    </ClInclude>
    <ClInclude Include="..\TESReloaded\Core\Hooks\Oblivion\Camera.h">
      <Filter>Core\Hooks\Oblivion</Filter>
    </ClInclude>
    <ClInclude Include="..\TESReloaded\Core\Hooks\Oblivion\Equipment.h">
      <Filter>Core\Hooks\Oblivion</Filter>
    </ClInclude>
    <ClInclude Include="..\TESReloaded\Core\Hooks\Oblivion\Mounted.h">
      <Filter>Core\Hooks\Oblivion</Filter>
    </ClInclude>
    <ClInclude Include="..\TESReloaded\Core\Hooks\Oblivion\Sleeping.h">
      <Filter>Core\Hooks\Oblivion</Filter>
    </ClInclude>
    <ClInclude Include="..\TESReloaded\Core\Hooks\Sleeping.h">
      <Filter>Core\Hooks</Filter>
    </ClInclude>
    <ClInclude Include="..\TESReloaded\Core\Hooks\Oblivion\Dodge.h">
      <Filter>Core\Hooks\Oblivion</Filter>
    </ClInclude>
    <ClInclude Include="..\TESReloaded\Core\Hooks\Oblivion\FlyCam.h">
      <Filter>Core\Hooks\Oblivion</Filter>
    </ClInclude>
    <ClInclude Include="..\TESReloaded\Framework\Oblivion\Managers.h">
      <Filter>Framework\Oblivion</Filter>
    </ClInclude>
    <ClInclude Include="..\TESReloaded\Core\Device\Hook.h">
      <Filter>Core\Device</Filter>
    </ClInclude>
    <ClInclude Include="..\TESReloaded\Core\Device\Device.h">
      <Filter>Core\Device</Filter>
    </ClInclude>
    <ClInclude Include="..\TESReloaded\Framework\Common\Lib\Nvidia\nvapi.h">
      <Filter>Framework\Common\Lib\Nvidia</Filter>
    </ClInclude>
  </ItemGroup>
  <ItemGroup>
    <ClCompile Include="..\TESReloaded\Core\CameraManager.cpp">
      <Filter>Core</Filter>
    </ClCompile>
    <ClCompile Include="..\TESReloaded\Core\CommandManager.cpp">
      <Filter>Core</Filter>
    </ClCompile>
    <ClCompile Include="..\TESReloaded\Core\EquipmentManager.cpp">
      <Filter>Core</Filter>
    </ClCompile>
    <ClCompile Include="..\TESReloaded\Core\GameEventManager.cpp">
      <Filter>Core</Filter>
    </ClCompile>
    <ClCompile Include="..\TESReloaded\Core\GameMenuManager.cpp">
      <Filter>Core</Filter>
    </ClCompile>
    <ClCompile Include="..\TESReloaded\Core\RenderManager.cpp">
      <Filter>Core</Filter>
    </ClCompile>
    <ClCompile Include="..\TESReloaded\Core\ScriptManager.cpp">
      <Filter>Core</Filter>
    </ClCompile>
    <ClCompile Include="..\TESReloaded\Core\ShaderManager.cpp">
      <Filter>Core</Filter>
    </ClCompile>
    <ClCompile Include="..\TESReloaded\Core\ShadowManager.cpp">
      <Filter>Core</Filter>
    </ClCompile>
    <ClCompile Include="..\TESReloaded\Core\TextureManager.cpp">
      <Filter>Core</Filter>
    </ClCompile>
    <ClCompile Include="Main.cpp">
      <Filter>Main</Filter>
    </ClCompile>
    <ClCompile Include="..\TESReloaded\Core\OcclusionManager.cpp">
      <Filter>Core</Filter>
    </ClCompile>
    <ClCompile Include="..\TESReloaded\Core\FrameRateManager.cpp">
      <Filter>Core</Filter>
    </ClCompile>
    <ClCompile Include="..\TESReloaded\Framework\Common\Lib\Detours\detours.cpp">
      <Filter>Framework\Common\Lib\Detours</Filter>
    </ClCompile>
    <ClCompile Include="..\TESReloaded\Framework\Common\Lib\Detours\disasm.cpp">
      <Filter>Framework\Common\Lib\Detours</Filter>
    </ClCompile>
    <ClCompile Include="..\TESReloaded\Framework\Common\Lib\Detours\modules.cpp">
      <Filter>Framework\Common\Lib\Detours</Filter>
    </ClCompile>
    <ClCompile Include="..\TESReloaded\Framework\Common\Base\Logger.cpp">
      <Filter>Framework\Common\Base</Filter>
    </ClCompile>
    <ClCompile Include="..\TESReloaded\Framework\Common\Base\SafeWrite.cpp">
      <Filter>Framework\Common\Base</Filter>
    </ClCompile>
    <ClCompile Include="..\TESReloaded\Framework\Common\Base\PluginVersion.cpp">
      <Filter>Framework\Common\Base</Filter>
    </ClCompile>
    <ClCompile Include="..\TESReloaded\Core\SettingManager.cpp">
      <Filter>Core</Filter>
    </ClCompile>
    <ClCompile Include="..\TESReloaded\Framework\Oblivion\Managers.cpp">
      <Filter>Framework\Oblivion</Filter>
    </ClCompile>
    <ClCompile Include="..\TESReloaded\Core\Device\Device.cpp">
      <Filter>Core\Device</Filter>
    </ClCompile>
    <ClCompile Include="..\TESReloaded\Core\Device\Hook.cpp">
      <Filter>Core\Device</Filter>
    </ClCompile>
  </ItemGroup>
  <ItemGroup>
    <None Include="Exports.def">
      <Filter>Main</Filter>
    </None>
  </ItemGroup>
  <ItemGroup>
    <ResourceCompile Include="OblivionReloaded.rc">
      <Filter>Main</Filter>
    </ResourceCompile>
  </ItemGroup>
</Project>