<?xml version="1.0" encoding="utf-8"?>
<Project ToolsVersion="4.0" xmlns="http://schemas.microsoft.com/developer/msbuild/2003">
  <ItemGroup>
    <Filter Include="Core">
      <UniqueIdentifier>{93995380-89BD-4b04-88EB-625FBE52EBFB}</UniqueIdentifier>
      <Extensions>h;hh;hpp;hxx;hm;inl;inc;ipp;xsd</Extensions>
    </Filter>
    <Filter Include="Framework">
      <UniqueIdentifier>{4FC737F1-C7A5-4376-A066-2A32D752A2FF}</UniqueIdentifier>
      <Extensions>cpp;c;cc;cxx;def;odl;idl;hpj;bat;asm;asmx</Extensions>
    </Filter>
    <Filter Include="Main">
      <UniqueIdentifier>{d824b335-cb77-4743-b092-330dbd2a3180}</UniqueIdentifier>
    </Filter>
    <Filter Include="Framework\Common">
      <UniqueIdentifier>{b12fe12a-43aa-4eb0-ae4d-27d4a2b2768b}</UniqueIdentifier>
    </Filter>
    <Filter Include="Framework\NewVegas">
      <UniqueIdentifier>{d62a1138-01f2-48bf-9b21-3e5b5d8d0f2c}</UniqueIdentifier>
    </Filter>
    <Filter Include="Framework\Common\Lib">
      <UniqueIdentifier>{ac4eed94-81b1-45db-bb31-15c7f2f3666d}</UniqueIdentifier>
    </Filter>
    <Filter Include="Framework\Common\Base">
      <UniqueIdentifier>{527f02d4-970c-41c5-bdbf-9bedafa9b95e}</UniqueIdentifier>
    </Filter>
    <Filter Include="Framework\Common\Lib\Detours">
      <UniqueIdentifier>{e6f95313-1631-432b-a52f-9c1173c9ddc7}</UniqueIdentifier>
    </Filter>
  </ItemGroup>
  <ItemGroup>
    <ClInclude Include="resource.h">
      <Filter>Main</Filter>
    </ClInclude>
    <ClInclude Include="..\TESReloaded\Framework\Common\Base\Logger.h">
      <Filter>Framework\Common\Base</Filter>
    </ClInclude>
    <ClInclude Include="..\TESReloaded\Framework\Common\Base\SafeWrite.h">
      <Filter>Framework\Common\Base</Filter>
    </ClInclude>
    <ClInclude Include="..\TESReloaded\Framework\Common\Base\Types.h">
      <Filter>Framework\Common\Base</Filter>
    </ClInclude>
    <ClInclude Include="..\TESReloaded\Framework\Common\Lib\Detours\detours.h">
      <Filter>Framework\Common\Lib\Detours</Filter>
    </ClInclude>
    <ClInclude Include="..\TESReloaded\Framework\NewVegas\Base.h">
      <Filter>Framework\NewVegas</Filter>
    </ClInclude>
    <ClInclude Include="..\TESReloaded\Framework\NewVegas\Defines.h">
      <Filter>Framework\NewVegas</Filter>
    </ClInclude>
  </ItemGroup>
  <ItemGroup>
    <ClCompile Include="Main.cpp">
      <Filter>Main</Filter>
    </ClCompile>
    <ClCompile Include="..\TESReloaded\Framework\Common\Base\Logger.cpp">
      <Filter>Framework\Common\Base</Filter>
    </ClCompile>
    <ClCompile Include="..\TESReloaded\Framework\Common\Base\SafeWrite.cpp">
      <Filter>Framework\Common\Base</Filter>
    </ClCompile>
    <ClCompile Include="..\TESReloaded\Framework\Common\Lib\Detours\detours.cpp">
      <Filter>Framework\Common\Lib\Detours</Filter>
    </ClCompile>
    <ClCompile Include="..\TESReloaded\Framework\Common\Lib\Detours\disasm.cpp">
      <Filter>Framework\Common\Lib\Detours</Filter>
    </ClCompile>
    <ClCompile Include="..\TESReloaded\Framework\Common\Lib\Detours\modules.cpp">
      <Filter>Framework\Common\Lib\Detours</Filter>
    </ClCompile>
  </ItemGroup>
  <ItemGroup>
    <None Include="Exports.def">
      <Filter>Main</Filter>
    </None>
  </ItemGroup>
  <ItemGroup>
    <ResourceCompile Include="NewVegasReloaded.rc">
      <Filter>Main</Filter>
    </ResourceCompile>
  </ItemGroup>
</Project>