<?xml version="1.0" encoding="utf-8"?>
<Project ToolsVersion="4.0" xmlns="http://schemas.microsoft.com/developer/msbuild/2003">
  <ItemGroup>
    <Filter Include="Core">
      <UniqueIdentifier>{93995380-89BD-4b04-88EB-625FBE52EBFB}</UniqueIdentifier>
      <Extensions>h;hh;hpp;hxx;hm;inl;inc;ipp;xsd</Extensions>
    </Filter>
    <Filter Include="Framework">
      <UniqueIdentifier>{4FC737F1-C7A5-4376-A066-2A32D752A2FF}</UniqueIdentifier>
      <Extensions>cpp;c;cc;cxx;def;odl;idl;hpj;bat;asm;asmx</Extensions>
    </Filter>
    <Filter Include="Main">
      <UniqueIdentifier>{d824b335-cb77-4743-b092-330dbd2a3180}</UniqueIdentifier>
    </Filter>
    <Filter Include="Framework\Common">
      <UniqueIdentifier>{a32f9687-959f-42ef-a779-4c5bbc3d5591}</UniqueIdentifier>
    </Filter>
    <Filter Include="Framework\Skyrim">
      <UniqueIdentifier>{9366af91-1eca-4f44-93bb-3ee31ad88d3d}</UniqueIdentifier>
    </Filter>
    <Filter Include="Framework\Common\Lib">
      <UniqueIdentifier>{b25dd96f-f7b1-4356-a519-9d2c14fcace3}</UniqueIdentifier>
    </Filter>
    <Filter Include="Framework\Common\Base">
      <UniqueIdentifier>{df3794b3-9b89-4e74-bdca-9752255ba62a}</UniqueIdentifier>
    </Filter>
    <Filter Include="Framework\Common\Lib\Detours">
      <UniqueIdentifier>{fe272696-09d4-4cb8-afce-de9f27c292c3}</UniqueIdentifier>
    </Filter>
    <Filter Include="Core\Hooks">
      <UniqueIdentifier>{13959ff3-2373-405e-84ba-7f44b69c04c5}</UniqueIdentifier>
    </Filter>
    <Filter Include="Core\Hooks\Skyrim">
      <UniqueIdentifier>{9e4d943f-b63c-4f88-ac81-4554b6015be3}</UniqueIdentifier>
    </Filter>
    <Filter Include="Core\Device">
      <UniqueIdentifier>{af003247-f2a1-49b1-bf3e-63740a504f7a}</UniqueIdentifier>
    </Filter>
    <Filter Include="Framework\Common\Lib\Nvidia">
      <UniqueIdentifier>{76421924-42f4-4da9-b13b-589f1139da15}</UniqueIdentifier>
    </Filter>
  </ItemGroup>
  <ItemGroup>
    <ClInclude Include="resource.h">
      <Filter>Main</Filter>
    </ClInclude>
    <ClInclude Include="..\TESReloaded\Framework\Common\Base\Logger.h">
      <Filter>Framework\Common\Base</Filter>
    </ClInclude>
    <ClInclude Include="..\TESReloaded\Framework\Common\Base\SafeWrite.h">
      <Filter>Framework\Common\Base</Filter>
    </ClInclude>
    <ClInclude Include="..\TESReloaded\Framework\Common\Base\Types.h">
      <Filter>Framework\Common\Base</Filter>
    </ClInclude>
    <ClInclude Include="..\TESReloaded\Framework\Common\Lib\Detours\detours.h">
      <Filter>Framework\Common\Lib\Detours</Filter>
    </ClInclude>
    <ClInclude Include="..\TESReloaded\Framework\Skyrim\Base.h">
      <Filter>Framework\Skyrim</Filter>
    </ClInclude>
    <ClInclude Include="..\TESReloaded\Framework\Skyrim\Defines.h">
      <Filter>Framework\Skyrim</Filter>
    </ClInclude>
    <ClInclude Include="..\TESReloaded\Framework\Skyrim\Framework.h">
      <Filter>Framework\Skyrim</Filter>
    </ClInclude>
    <ClInclude Include="..\TESReloaded\Framework\Skyrim\Game.h">
      <Filter>Framework\Skyrim</Filter>
    </ClInclude>
    <ClInclude Include="..\TESReloaded\Framework\Skyrim\GameNi.h">
      <Filter>Framework\Skyrim</Filter>
    </ClInclude>
    <ClInclude Include="..\TESReloaded\Core\Hooks\Game.h">
      <Filter>Core\Hooks</Filter>
    </ClInclude>
    <ClInclude Include="..\TESReloaded\Core\Hooks\Settings.h">
      <Filter>Core\Hooks</Filter>
    </ClInclude>
    <ClInclude Include="..\TESReloaded\Core\Hooks\Skyrim\Game.h">
      <Filter>Core\Hooks\Skyrim</Filter>
    </ClInclude>
    <ClInclude Include="..\TESReloaded\Core\Hooks\Skyrim\Hooks.h">
      <Filter>Core\Hooks\Skyrim</Filter>
    </ClInclude>
    <ClInclude Include="..\TESReloaded\Core\Hooks\Skyrim\Settings.h">
      <Filter>Core\Hooks\Skyrim</Filter>
    </ClInclude>
    <ClInclude Include="..\TESReloaded\Framework\Skyrim\Plugin.h">
      <Filter>Framework\Skyrim</Filter>
    </ClInclude>
    <ClInclude Include="..\TESReloaded\Core\Hooks\Skyrim\ShaderIO.h">
      <Filter>Core\Hooks\Skyrim</Filter>
    </ClInclude>
    <ClInclude Include="..\TESReloaded\Core\Hooks\Skyrim\Render.h">
      <Filter>Core\Hooks\Skyrim</Filter>
    </ClInclude>
    <ClInclude Include="..\TESReloaded\Core\Hooks\Render.h">
      <Filter>Core\Hooks</Filter>
    </ClInclude>
    <ClInclude Include="..\TESReloaded\Core\Hooks\Skyrim\Forms.h">
      <Filter>Core\Hooks\Skyrim</Filter>
    </ClInclude>
    <ClInclude Include="..\TESReloaded\Core\Hooks\Forms.h">
      <Filter>Core\Hooks</Filter>
    </ClInclude>
    <ClInclude Include="..\TESReloaded\Core\Hooks\Skyrim\Events.h">
      <Filter>Core\Hooks\Skyrim</Filter>
    </ClInclude>
    <ClInclude Include="..\TESReloaded\Core\Hooks\Skyrim\Camera.h">
      <Filter>Core\Hooks\Skyrim</Filter>
    </ClInclude>
    <ClInclude Include="..\TESReloaded\Core\Hooks\Skyrim\Sleeping.h">
      <Filter>Core\Hooks\Skyrim</Filter>
    </ClInclude>
    <ClInclude Include="..\TESReloaded\Core\Hooks\Sleeping.h">
      <Filter>Core\Hooks</Filter>
    </ClInclude>
    <ClInclude Include="..\TESReloaded\Framework\Skyrim\Managers.h">
      <Filter>Framework\Skyrim</Filter>
    </ClInclude>
    <ClInclude Include="..\TESReloaded\Core\CameraManager.h">
      <Filter>Core</Filter>
    </ClInclude>
    <ClInclude Include="..\TESReloaded\Core\CommandManager.h">
      <Filter>Core</Filter>
    </ClInclude>
    <ClInclude Include="..\TESReloaded\Core\GameEventManager.h">
      <Filter>Core</Filter>
    </ClInclude>
    <ClInclude Include="..\TESReloaded\Core\GameMenuManager.h">
      <Filter>Core</Filter>
    </ClInclude>
    <ClInclude Include="..\TESReloaded\Core\RenderManager.h">
      <Filter>Core</Filter>
    </ClInclude>
    <ClInclude Include="..\TESReloaded\Core\SettingManager.h">
      <Filter>Core</Filter>
    </ClInclude>
    <ClInclude Include="..\TESReloaded\Core\ShaderManager.h">
      <Filter>Core</Filter>
    </ClInclude>
    <ClInclude Include="..\TESReloaded\Core\TextureManager.h">
      <Filter>Core</Filter>
    </ClInclude>
    <ClInclude Include="..\TESReloaded\Core\Device\Device.h">
      <Filter>Core\Device</Filter>
    </ClInclude>
    <ClInclude Include="..\TESReloaded\Core\Device\Hook.h">
      <Filter>Core\Device</Filter>
    </ClInclude>
    <ClInclude Include="..\TESReloaded\Core\FrameRateManager.h">
      <Filter>Core</Filter>
    </ClInclude>
    <ClInclude Include="..\TESReloaded\Framework\Common\Base\PluginVersion.h">
      <Filter>Framework\Common\Base</Filter>
    </ClInclude>
    <ClInclude Include="..\TESReloaded\Framework\Common\Lib\Nvidia\nvapi.h">
      <Filter>Framework\Common\Lib\Nvidia</Filter>
    </ClInclude>
  </ItemGroup>
  <ItemGroup>
    <ClCompile Include="Main.cpp">
      <Filter>Main</Filter>
    </ClCompile>
    <ClCompile Include="..\TESReloaded\Framework\Common\Base\Logger.cpp">
      <Filter>Framework\Common\Base</Filter>
    </ClCompile>
    <ClCompile Include="..\TESReloaded\Framework\Common\Base\SafeWrite.cpp">
      <Filter>Framework\Common\Base</Filter>
    </ClCompile>
    <ClCompile Include="..\TESReloaded\Framework\Common\Lib\Detours\detours.cpp">
      <Filter>Framework\Common\Lib\Detours</Filter>
    </ClCompile>
    <ClCompile Include="..\TESReloaded\Framework\Common\Lib\Detours\disasm.cpp">
      <Filter>Framework\Common\Lib\Detours</Filter>
    </ClCompile>
    <ClCompile Include="..\TESReloaded\Framework\Common\Lib\Detours\modules.cpp">
      <Filter>Framework\Common\Lib\Detours</Filter>
    </ClCompile>
    <ClCompile Include="..\TESReloaded\Framework\Skyrim\Managers.cpp">
      <Filter>Framework\Skyrim</Filter>
    </ClCompile>
    <ClCompile Include="..\TESReloaded\Core\CameraManager.cpp">
      <Filter>Core</Filter>
    </ClCompile>
    <ClCompile Include="..\TESReloaded\Core\CommandManager.cpp">
      <Filter>Core</Filter>
    </ClCompile>
    <ClCompile Include="..\TESReloaded\Core\GameEventManager.cpp">
      <Filter>Core</Filter>
    </ClCompile>
    <ClCompile Include="..\TESReloaded\Core\GameMenuManager.cpp">
      <Filter>Core</Filter>
    </ClCompile>
    <ClCompile Include="..\TESReloaded\Core\RenderManager.cpp">
      <Filter>Core</Filter>
    </ClCompile>
    <ClCompile Include="..\TESReloaded\Core\SettingManager.cpp">
      <Filter>Core</Filter>
    </ClCompile>
    <ClCompile Include="..\TESReloaded\Core\ShaderManager.cpp">
      <Filter>Core</Filter>
    </ClCompile>
    <ClCompile Include="..\TESReloaded\Core\TextureManager.cpp">
      <Filter>Core</Filter>
    </ClCompile>
    <ClCompile Include="..\TESReloaded\Core\Device\Device.cpp">
      <Filter>Core\Device</Filter>
    </ClCompile>
    <ClCompile Include="..\TESReloaded\Core\Device\Hook.cpp">
      <Filter>Core\Device</Filter>
    </ClCompile>
    <ClCompile Include="..\TESReloaded\Core\FrameRateManager.cpp">
      <Filter>Core</Filter>
    </ClCompile>
    <ClCompile Include="..\TESReloaded\Framework\Common\Base\PluginVersion.cpp">
      <Filter>Framework\Common\Base</Filter>
    </ClCompile>
  </ItemGroup>
  <ItemGroup>
    <None Include="Exports.def">
      <Filter>Main</Filter>
    </None>
  </ItemGroup>
  <ItemGroup>
    <ResourceCompile Include="SkyrimReloaded.rc">
      <Filter>Main</Filter>
    </ResourceCompile>
  </ItemGroup>
</Project>